
Microsoft Visual Studio Solution File, Format Version 12.00
# Visual Studio Version 17
VisualStudioVersion = 17.7.34202.233
MinimumVisualStudioVersion = 10.0.40219.1
Project("{FAE04EC0-301F-11D3-BF4B-00C04F79EFBC}") = "MobileCW1", "MobileCW1\MobileCW1.csproj", "{50839D3B-A863-485B-A137-DCF4C7300081}"
EndProject
Global
	GlobalSection(SolutionConfigurationPlatforms) = preSolution
		Debug|Any CPU = Debug|Any CPU
		Release|Any CPU = Release|Any CPU
	EndGlobalSection
	GlobalSection(ProjectConfigurationPlatforms) = postSolution
		{50839D3B-A863-485B-A137-DCF4C7300081}.Debug|Any CPU.ActiveCfg = Debug|Any CPU
		{50839D3B-A863-485B-A137-DCF4C7300081}.Debug|Any CPU.Build.0 = Debug|Any CPU
		{50839D3B-A863-485B-A137-DCF4C7300081}.Debug|Any CPU.Deploy.0 = Debug|Any CPU
		{50839D3B-A863-485B-A137-DCF4C7300081}.Release|Any CPU.ActiveCfg = Release|Any CPU
		{50839D3B-A863-485B-A137-DCF4C7300081}.Release|Any CPU.Build.0 = Release|Any CPU
		{50839D3B-A863-485B-A137-DCF4C7300081}.Release|Any CPU.Deploy.0 = Release|Any CPU
	EndGlobalSection
	GlobalSection(SolutionProperties) = preSolution
		HideSolutionNode = FALSE
	EndGlobalSection
	GlobalSection(ExtensibilityGlobals) = postSolution
		SolutionGuid = {EDA42A94-DC8C-46F7-99EB-38DCCC5F09D1}
	EndGlobalSection
EndGlobal
